// !$*UTF8*$!
{
	archiveVersion = 1;
	classes = {
	};
	objectVersion = 46;
	objects = {

/* Begin PBXBuildFile section */
		E1DE2F301B6FA6F100623EBB /* main.m in Sources */ = {isa = PBXBuildFile; fileRef = E1DE2F2F1B6FA6F100623EBB /* main.m */; };
		E1DE2F331B6FA6F100623EBB /* AppDelegate.m in Sources */ = {isa = PBXBuildFile; fileRef = E1DE2F321B6FA6F100623EBB /* AppDelegate.m */; };
		E1DE2F361B6FA6F100623EBB /* ViewController.m in Sources */ = {isa = PBXBuildFile; fileRef = E1DE2F351B6FA6F100623EBB /* ViewController.m */; };
		E1DE2F391B6FA6F100623EBB /* Main.storyboard in Resources */ = {isa = PBXBuildFile; fileRef = E1DE2F371B6FA6F100623EBB /* Main.storyboard */; };
		E1DE2F3B1B6FA6F100623EBB /* Images.xcassets in Resources */ = {isa = PBXBuildFile; fileRef = E1DE2F3A1B6FA6F100623EBB /* Images.xcassets */; };
		E1DE2F3E1B6FA6F100623EBB /* LaunchScreen.xib in Resources */ = {isa = PBXBuildFile; fileRef = E1DE2F3C1B6FA6F100623EBB /* LaunchScreen.xib */; };
		E1DE2F4A1B6FA6F100623EBB /* Example1Tests.m in Sources */ = {isa = PBXBuildFile; fileRef = E1DE2F491B6FA6F100623EBB /* Example1Tests.m */; };
/* End PBXBuildFile section */

/* Begin PBXContainerItemProxy section */
		E1DE2F441B6FA6F100623EBB /* PBXContainerItemProxy */ = {
			isa = PBXContainerItemProxy;
			containerPortal = E1DE2F221B6FA6F100623EBB /* Project object */;
			proxyType = 1;
			remoteGlobalIDString = E1DE2F291B6FA6F100623EBB;
			remoteInfo = Example1;
		};
/* End PBXContainerItemProxy section */

/* Begin PBXFileReference section */
		E1DE2F2A1B6FA6F100623EBB /* Example1.app */ = {isa = PBXFileReference; explicitFileType = wrapper.application; includeInIndex = 0; path = Example1.app; sourceTree = BUILT_PRODUCTS_DIR; };
		E1DE2F2E1B6FA6F100623EBB /* Info.plist */ = {isa = PBXFileReference; lastKnownFileType = text.plist.xml; path = Info.plist; sourceTree = "<group>"; };
		E1DE2F2F1B6FA6F100623EBB /* main.m */ = {isa = PBXFileReference; lastKnownFileType = sourcecode.c.objc; path = main.m; sourceTree = "<group>"; };
		E1DE2F311B6FA6F100623EBB /* AppDelegate.h */ = {isa = PBXFileReference; lastKnownFileType = sourcecode.c.h; path = AppDelegate.h; sourceTree = "<group>"; };
		E1DE2F321B6FA6F100623EBB /* AppDelegate.m */ = {isa = PBXFileReference; lastKnownFileType = sourcecode.c.objc; path = AppDelegate.m; sourceTree = "<group>"; };
		E1DE2F341B6FA6F100623EBB /* ViewController.h */ = {isa = PBXFileReference; lastKnownFileType = sourcecode.c.h; path = ViewController.h; sourceTree = "<group>"; };
		E1DE2F351B6FA6F100623EBB /* ViewController.m */ = {isa = PBXFileReference; lastKnownFileType = sourcecode.c.objc; path = ViewController.m; sourceTree = "<group>"; };
		E1DE2F381B6FA6F100623EBB /* Base */ = {isa = PBXFileReference; lastKnownFileType = file.storyboard; name = Base; path = Base.lproj/Main.storyboard; sourceTree = "<group>"; };
		E1DE2F3A1B6FA6F100623EBB /* Images.xcassets */ = {isa = PBXFileReference; lastKnownFileType = folder.assetcatalog; path = Images.xcassets; sourceTree = "<group>"; };
		E1DE2F3D1B6FA6F100623EBB /* Base */ = {isa = PBXFileReference; lastKnownFileType = file.xib; name = Base; path = Base.lproj/LaunchScreen.xib; sourceTree = "<group>"; };
		E1DE2F431B6FA6F100623EBB /* Example1Tests.xctest */ = {isa = PBXFileReference; explicitFileType = wrapper.cfbundle; includeInIndex = 0; path = Example1Tests.xctest; sourceTree = BUILT_PRODUCTS_DIR; };
		E1DE2F481B6FA6F100623EBB /* Info.plist */ = {isa = PBXFileReference; lastKnownFileType = text.plist.xml; path = Info.plist; sourceTree = "<group>"; };
		E1DE2F491B6FA6F100623EBB /* Example1Tests.m */ = {isa = PBXFileReference; lastKnownFileType = sourcecode.c.objc; path = Example1Tests.m; sourceTree = "<group>"; };
/* End PBXFileReference section */

/* Begin PBXFrameworksBuildPhase section */
		E1DE2F271B6FA6F100623EBB /* Frameworks */ = {
			isa = PBXFrameworksBuildPhase;
			buildActionMask = 2147483647;
			files = (
			);
			runOnlyForDeploymentPostprocessing = 0;
		};
		E1DE2F401B6FA6F100623EBB /* Frameworks */ = {
			isa = PBXFrameworksBuildPhase;
			buildActionMask = 2147483647;
			files = (
			);
			runOnlyForDeploymentPostprocessing = 0;
		};
/* End PBXFrameworksBuildPhase section */

/* Begin PBXGroup section */
		E1DE2F211B6FA6F100623EBB = {
			isa = PBXGroup;
			children = (
				E1DE2F2C1B6FA6F100623EBB /* Example1 */,
				E1DE2F461B6FA6F100623EBB /* Example1Tests */,
				E1DE2F2B1B6FA6F100623EBB /* Products */,
			);
			sourceTree = "<group>";
		};
		E1DE2F2B1B6FA6F100623EBB /* Products */ = {
			isa = PBXGroup;
			children = (
				E1DE2F2A1B6FA6F100623EBB /* Example1.app */,
				E1DE2F431B6FA6F100623EBB /* Example1Tests.xctest */,
			);
			name = Products;
			sourceTree = "<group>";
		};
		E1DE2F2C1B6FA6F100623EBB /* Example1 */ = {
			isa = PBXGroup;
			children = (
				E1DE2F311B6FA6F100623EBB /* AppDelegate.h */,
				E1DE2F321B6FA6F100623EBB /* AppDelegate.m */,
				E1DE2F341B6FA6F100623EBB /* ViewController.h */,
				E1DE2F351B6FA6F100623EBB /* ViewController.m */,
				E1DE2F371B6FA6F100623EBB /* Main.storyboard */,
				E1DE2F3A1B6FA6F100623EBB /* Images.xcassets */,
				E1DE2F3C1B6FA6F100623EBB /* LaunchScreen.xib */,
				E1DE2F2D1B6FA6F100623EBB /* Supporting Files */,
			);
			path = Example1;
			sourceTree = "<group>";
		};
		E1DE2F2D1B6FA6F100623EBB /* Supporting Files */ = {
			isa = PBXGroup;
			children = (
				E1DE2F2E1B6FA6F100623EBB /* Info.plist */,
				E1DE2F2F1B6FA6F100623EBB /* main.m */,
			);
			name = "Supporting Files";
			sourceTree = "<group>";
		};
		E1DE2F461B6FA6F100623EBB /* Example1Tests */ = {
			isa = PBXGroup;
			children = (
				E1DE2F491B6FA6F100623EBB /* Example1Tests.m */,
				E1DE2F471B6FA6F100623EBB /* Supporting Files */,
			);
			path = Example1Tests;
			sourceTree = "<group>";
		};
		E1DE2F471B6FA6F100623EBB /* Supporting Files */ = {
			isa = PBXGroup;
			children = (
				E1DE2F481B6FA6F100623EBB /* Info.plist */,
			);
			name = "Supporting Files";
			sourceTree = "<group>";
		};
/* End PBXGroup section */

/* Begin PBXNativeTarget section */
		E1DE2F291B6FA6F100623EBB /* Example1 */ = {
			isa = PBXNativeTarget;
			buildConfigurationList = E1DE2F4D1B6FA6F100623EBB /* Build configuration list for PBXNativeTarget "Example1" */;
			buildPhases = (
				E1DE2F261B6FA6F100623EBB /* Sources */,
				E1DE2F271B6FA6F100623EBB /* Frameworks */,
				E1DE2F281B6FA6F100623EBB /* Resources */,
			);
			buildRules = (
			);
			dependencies = (
			);
			name = Example1;
			productName = Example1;
			productReference = E1DE2F2A1B6FA6F100623EBB /* Example1.app */;
			productType = "com.apple.product-type.application";
		};
		E1DE2F421B6FA6F100623EBB /* Example1Tests */ = {
			isa = PBXNativeTarget;
			buildConfigurationList = E1DE2F501B6FA6F100623EBB /* Build configuration list for PBXNativeTarget "Example1Tests" */;
			buildPhases = (
				E1DE2F3F1B6FA6F100623EBB /* Sources */,
				E1DE2F401B6FA6F100623EBB /* Frameworks */,
				E1DE2F411B6FA6F100623EBB /* Resources */,
			);
			buildRules = (
			);
			dependencies = (
				E1DE2F451B6FA6F100623EBB /* PBXTargetDependency */,
			);
			name = Example1Tests;
			productName = Example1Tests;
			productReference = E1DE2F431B6FA6F100623EBB /* Example1Tests.xctest */;
			productType = "com.apple.product-type.bundle.unit-test";
		};
/* End PBXNativeTarget section */

/* Begin PBXProject section */
		E1DE2F221B6FA6F100623EBB /* Project object */ = {
			isa = PBXProject;
			attributes = {
				LastUpgradeCheck = 0640;
				ORGANIZATIONNAME = "Arthur Aghekyan";
				TargetAttributes = {
					E1DE2F291B6FA6F100623EBB = {
						CreatedOnToolsVersion = 6.4;
					};
					E1DE2F421B6FA6F100623EBB = {
						CreatedOnToolsVersion = 6.4;
						TestTargetID = E1DE2F291B6FA6F100623EBB;
					};
				};
			};
			buildConfigurationList = E1DE2F251B6FA6F100623EBB /* Build configuration list for PBXProject "Example1" */;
			compatibilityVersion = "Xcode 3.2";
			developmentRegion = English;
			hasScannedForEncodings = 0;
			knownRegions = (
				en,
				Base,
			);
			mainGroup = E1DE2F211B6FA6F100623EBB;
			productRefGroup = E1DE2F2B1B6FA6F100623EBB /* Products */;
			projectDirPath = "";
			projectRoot = "";
			targets = (
				E1DE2F291B6FA6F100623EBB /* Example1 */,
				E1DE2F421B6FA6F100623EBB /* Example1Tests */,
			);
		};
/* End PBXProject section */

/* Begin PBXResourcesBuildPhase section */
		E1DE2F281B6FA6F100623EBB /* Resources */ = {
			isa = PBXResourcesBuildPhase;
			buildActionMask = 2147483647;
			files = (
				E1DE2F391B6FA6F100623EBB /* Main.storyboard in Resources */,
				E1DE2F3E1B6FA6F100623EBB /* LaunchScreen.xib in Resources */,
				E1DE2F3B1B6FA6F100623EBB /* Images.xcassets in Resources */,
			);
			runOnlyForDeploymentPostprocessing = 0;
		};
		E1DE2F411B6FA6F100623EBB /* Resources */ = {
			isa = PBXResourcesBuildPhase;
			buildActionMask = 2147483647;
			files = (
			);
			runOnlyForDeploymentPostprocessing = 0;
		};
/* End PBXResourcesBuildPhase section */

/* Begin PBXSourcesBuildPhase section */
		E1DE2F261B6FA6F100623EBB /* Sources */ = {
			isa = PBXSourcesBuildPhase;
			buildActionMask = 2147483647;
			files = (
				E1DE2F361B6FA6F100623EBB /* ViewController.m in Sources */,
				E1DE2F331B6FA6F100623EBB /* AppDelegate.m in Sources */,
				E1DE2F301B6FA6F100623EBB /* main.m in Sources */,
			);
			runOnlyForDeploymentPostprocessing = 0;
		};
		E1DE2F3F1B6FA6F100623EBB /* Sources */ = {
			isa = PBXSourcesBuildPhase;
			buildActionMask = 2147483647;
			files = (
				E1DE2F4A1B6FA6F100623EBB /* Example1Tests.m in Sources */,
			);
			runOnlyForDeploymentPostprocessing = 0;
		};
/* End PBXSourcesBuildPhase section */

/* Begin PBXTargetDependency section */
		E1DE2F451B6FA6F100623EBB /* PBXTargetDependency */ = {
			isa = PBXTargetDependency;
			target = E1DE2F291B6FA6F100623EBB /* Example1 */;
			targetProxy = E1DE2F441B6FA6F100623EBB /* PBXContainerItemProxy */;
		};
/* End PBXTargetDependency section */

/* Begin PBXVariantGroup section */
		E1DE2F371B6FA6F100623EBB /* Main.storyboard */ = {
			isa = PBXVariantGroup;
			children = (
				E1DE2F381B6FA6F100623EBB /* Base */,
			);
			name = Main.storyboard;
			sourceTree = "<group>";
		};
		E1DE2F3C1B6FA6F100623EBB /* LaunchScreen.xib */ = {
			isa = PBXVariantGroup;
			children = (
				E1DE2F3D1B6FA6F100623EBB /* Base */,
			);
			name = LaunchScreen.xib;
			sourceTree = "<group>";
		};
/* End PBXVariantGroup section */

/* Begin XCBuildConfiguration section */
		E1DE2F4B1B6FA6F100623EBB /* Debug */ = {
			isa = XCBuildConfiguration;
			buildSettings = {
				ALWAYS_SEARCH_USER_PATHS = NO;
				CLANG_CXX_LANGUAGE_STANDARD = "gnu++0x";
				CLANG_CXX_LIBRARY = "libc++";
				CLANG_ENABLE_MODULES = YES;
				CLANG_ENABLE_OBJC_ARC = YES;
				CLANG_WARN_BOOL_CONVERSION = YES;
				CLANG_WARN_CONSTANT_CONVERSION = YES;
				CLANG_WARN_DIRECT_OBJC_ISA_USAGE = YES_ERROR;
				CLANG_WARN_EMPTY_BODY = YES;
				CLANG_WARN_ENUM_CONVERSION = YES;
				CLANG_WARN_INT_CONVERSION = YES;
				CLANG_WARN_OBJC_ROOT_CLASS = YES_ERROR;
				CLANG_WARN_UNREACHABLE_CODE = YES;
				CLANG_WARN__DUPLICATE_METHOD_MATCH = YES;
				"CODE_SIGN_IDENTITY[sdk=iphoneos*]" = "iPhone Developer";
				COPY_PHASE_STRIP = NO;
				DEBUG_INFORMATION_FORMAT = "dwarf-with-dsym";
				ENABLE_STRICT_OBJC_MSGSEND = YES;
				GCC_C_LANGUAGE_STANDARD = gnu99;
				GCC_DYNAMIC_NO_PIC = NO;
				GCC_NO_COMMON_BLOCKS = YES;
				GCC_OPTIMIZATION_LEVEL = 0;
				GCC_PREPROCESSOR_DEFINITIONS = (
					"DEBUG=1",
					"$(inherited)",
				);
				GCC_SYMBOLS_PRIVATE_EXTERN = NO;
				GCC_WARN_64_TO_32_BIT_CONVERSION = YES;
				GCC_WARN_ABOUT_RETURN_TYPE = YES_ERROR;
				GCC_WARN_UNDECLARED_SELECTOR = YES;
				GCC_WARN_UNINITIALIZED_AUTOS = YES_AGGRESSIVE;
				GCC_WARN_UNUSED_FUNCTION = YES;
				GCC_WARN_UNUSED_VARIABLE = YES;
				IPHONEOS_DEPLOYMENT_TARGET = 8.4;
				MTL_ENABLE_DEBUG_INFO = YES;
				ONLY_ACTIVE_ARCH = YES;
				SDKROOT = iphoneos;
				TARGETED_DEVICE_FAMILY = "1,2";
			};
			name = Debug;
		};
		E1DE2F4C1B6FA6F100623EBB /* Release */ = {
			isa = XCBuildConfiguration;
			buildSettings = {
				ALWAYS_SEARCH_USER_PATHS = NO;
				CLANG_CXX_LANGUAGE_STANDARD = "gnu++0x";
				CLANG_CXX_LIBRARY = "libc++";
				CLANG_ENABLE_MODULES = YES;
				CLANG_ENABLE_OBJC_ARC = YES;
				CLANG_WARN_BOOL_CONVERSION = YES;
				CLANG_WARN_CONSTANT_CONVERSION = YES;
				CLANG_WARN_DIRECT_OBJC_ISA_USAGE = YES_ERROR;
				CLANG_WARN_EMPTY_BODY = YES;
				CLANG_WARN_ENUM_CONVERSION = YES;
				CLANG_WARN_INT_CONVERSION = YES;
				CLANG_WARN_OBJC_ROOT_CLASS = YES_ERROR;
				CLANG_WARN_UNREACHABLE_CODE = YES;
				CLANG_WARN__DUPLICATE_METHOD_MATCH = YES;
				"CODE_SIGN_IDENTITY[sdk=iphoneos*]" = "iPhone Developer";
				COPY_PHASE_STRIP = NO;
				DEBUG_INFORMATION_FORMAT = "dwarf-with-dsym";
				ENABLE_NS_ASSERTIONS = NO;
				ENABLE_STRICT_OBJC_MSGSEND = YES;
				GCC_C_LANGUAGE_STANDARD = gnu99;
				GCC_NO_COMMON_BLOCKS = YES;
				GCC_WARN_64_TO_32_BIT_CONVERSION = YES;
				GCC_WARN_ABOUT_RETURN_TYPE = YES_ERROR;
				GCC_WARN_UNDECLARED_SELECTOR = YES;
				GCC_WARN_UNINITIALIZED_AUTOS = YES_AGGRESSIVE;
				GCC_WARN_UNUSED_FUNCTION = YES;
				GCC_WARN_UNUSED_VARIABLE = YES;
				IPHONEOS_DEPLOYMENT_TARGET = 8.4;
				MTL_ENABLE_DEBUG_INFO = NO;
				SDKROOT = iphoneos;
				TARGETED_DEVICE_FAMILY = "1,2";
				VALIDATE_PRODUCT = YES;
			};
			name = Release;
		};
		E1DE2F4E1B6FA6F100623EBB /* Debug */ = {
			isa = XCBuildConfiguration;
			buildSettings = {
				ASSETCATALOG_COMPILER_APPICON_NAME = AppIcon;
				INFOPLIST_FILE = Example1/Info.plist;
				LD_RUNPATH_SEARCH_PATHS = "$(inherited) @executable_path/Frameworks";
				PRODUCT_NAME = "$(TARGET_NAME)";
			};
			name = Debug;
		};
		E1DE2F4F1B6FA6F100623EBB /* Release */ = {
			isa = XCBuildConfiguration;
			buildSettings = {
				ASSETCATALOG_COMPILER_APPICON_NAME = AppIcon;
				INFOPLIST_FILE = Example1/Info.plist;
				LD_RUNPATH_SEARCH_PATHS = "$(inherited) @executable_path/Frameworks";
				PRODUCT_NAME = "$(TARGET_NAME)";
			};
			name = Release;
		};
		E1DE2F511B6FA6F100623EBB /* Debug */ = {
			isa = XCBuildConfiguration;
			buildSettings = {
				BUNDLE_LOADER = "$(TEST_HOST)";
				FRAMEWORK_SEARCH_PATHS = (
					"$(SDKROOT)/Developer/Library/Frameworks",
					"$(inherited)",
				);
				GCC_PREPROCESSOR_DEFINITIONS = (
					"DEBUG=1",
					"$(inherited)",
				);
				INFOPLIST_FILE = Example1Tests/Info.plist;
				LD_RUNPATH_SEARCH_PATHS = "$(inherited) @executable_path/Frameworks @loader_path/Frameworks";
				PRODUCT_NAME = "$(TARGET_NAME)";
				TEST_HOST = "$(BUILT_PRODUCTS_DIR)/Example1.app/Example1";
			};
			name = Debug;
		};
		E1DE2F521B6FA6F100623EBB /* Release */ = {
			isa = XCBuildConfiguration;
			buildSettings = {
				BUNDLE_LOADER = "$(TEST_HOST)";
				FRAMEWORK_SEARCH_PATHS = (
					"$(SDKROOT)/Developer/Library/Frameworks",
					"$(inherited)",
				);
				INFOPLIST_FILE = Example1Tests/Info.plist;
				LD_RUNPATH_SEARCH_PATHS = "$(inherited) @executable_path/Frameworks @loader_path/Frameworks";
				PRODUCT_NAME = "$(TARGET_NAME)";
				TEST_HOST = "$(BUILT_PRODUCTS_DIR)/Example1.app/Example1";
			};
			name = Release;
		};
/* End XCBuildConfiguration section */

/* Begin XCConfigurationList section */
		E1DE2F251B6FA6F100623EBB /* Build configuration list for PBXProject "Example1" */ = {
			isa = XCConfigurationList;
			buildConfigurations = (
				E1DE2F4B1B6FA6F100623EBB /* Debug */,
				E1DE2F4C1B6FA6F100623EBB /* Release */,
			);
			defaultConfigurationIsVisible = 0;
			defaultConfigurationName = Release;
		};
		E1DE2F4D1B6FA6F100623EBB /* Build configuration list for PBXNativeTarget "Example1" */ = {
			isa = XCConfigurationList;
			buildConfigurations = (
				E1DE2F4E1B6FA6F100623EBB /* Debug */,
				E1DE2F4F1B6FA6F100623EBB /* Release */,
			);
			defaultConfigurationIsVisible = 0;
		};
		E1DE2F501B6FA6F100623EBB /* Build configuration list for PBXNativeTarget "Example1Tests" */ = {
			isa = XCConfigurationList;
			buildConfigurations = (
				E1DE2F511B6FA6F100623EBB /* Debug */,
				E1DE2F521B6FA6F100623EBB /* Release */,
			);
			defaultConfigurationIsVisible = 0;
		};
/* End XCConfigurationList section */
	};
	rootObject = E1DE2F221B6FA6F100623EBB /* Project object */;
}
